
Microsoft Visual Studio Solution File, Format Version 12.00
# Visual Studio Version 17
VisualStudioVersion = 17.13.35919.96 d17.13
MinimumVisualStudioVersion = 10.0.40219.1
Project("{FAE04EC0-301F-11D3-BF4B-00C04F79EFBC}") = "ItoFirmaSorgulama", "ItoFirmaSorgulama.csproj", "{763BC104-643E-4948-9CDF-C373EA80F7D6}"
EndProject
Global
	GlobalSection(SolutionConfigurationPlatforms) = preSolution
		Debug|Any CPU = Debug|Any CPU
		Release|Any CPU = Release|Any CPU
	EndGlobalSection
	GlobalSection(ProjectConfigurationPlatforms) = postSolution
		{763BC104-643E-4948-9CDF-C373EA80F7D6}.Debug|Any CPU.ActiveCfg = Debug|Any CPU
		{763BC104-643E-4948-9CDF-C373EA80F7D6}.Debug|Any CPU.Build.0 = Debug|Any CPU
		{763BC104-643E-4948-9CDF-C373EA80F7D6}.Release|Any CPU.ActiveCfg = Release|Any CPU
		{763BC104-643E-4948-9CDF-C373EA80F7D6}.Release|Any CPU.Build.0 = Release|Any CPU
	EndGlobalSection
	GlobalSection(SolutionProperties) = preSolution
		HideSolutionNode = FALSE
	EndGlobalSection
	GlobalSection(ExtensibilityGlobals) = postSolution
		SolutionGuid = {4DE14F80-964A-4EE2-83CF-9E35DF5C96DA}
	EndGlobalSection
EndGlobal
